16, 7
60, 0
2, 10
39, 14
64, 2
4, 14
16, 14
27, 2
13, 1
18, 8
1, 14
12, 0
2, 7
75, 14
13, 14
25, 4
13, 10
40, 14
49, 4
47, 5
13, 0
1, 1
16, 1
44, 4
49, 8
60, 0
73, 13
70, 0
12, 0
46, 14
73, 4
4, 1
1, 8
59, 0
26, 13
33, 1
25, 14
30, 7
5, 6
55, 14
67, 14
31, 1
25, 1
15, 10
59, 14
52, 7
73, 14
15, 7
42, 10
19, 5
56, 7
2, 13
66, 1
52, 8
28, 0
39, 5
27, 0
62, 10
4, 14
12, 2
33, 0
60, 10
32, 2
2, 2
64, 1
74, 14
52, 10
14, 1
0, 0
13, 14
75, 2
40, 9
41, 0
0, 0
48, 14
11, 10
36, 9
72, 6
26, 1
56, 13
59, 5
57, 8
72, 7
2, 2
3, 8
23, 14
23, 2
75, 14
12, 14
40, 0
11, 14
71, 14
36, 14
25, 0
58, 14
53, 14
0, 9
73, 14
10, 13
56, 0
25, 2
3, 13
26, 13
6, 14
17, 14
28, 0
53, 14
39, 14
28, 9
64, 2
58, 7
69, 14
21, 13
72, 2
18, 4
49, 9
3, 9
61, 8
25, 4
47, 7
54, 14
11, 14
53, 10
34, 1
7, 7
75, 13
40, 2
73, 1
61, 14
27, 2
27, 9
35, 1
23, 0
42, 10
26, 6
4, 1
74, 8
64, 5
28, 14
55, 13
32, 14
69, 14
67, 10
71, 5
13, 14
46, 6
29, 14
41, 9
35, 8
4, 5
38, 4
73, 5
61, 5
1, 1
24, 10
49, 14
43, 1
13, 13
0, 0
0, 0
57, 14
73, 1
38, 8
75, 7
73, 13
12, 5
63, 6
52, 2
7, 14
68, 0
40, 2
4, 2
7, 5
75, 9
16, 0
2, 8
26, 0
2, 14
15, 5
31, 8
6, 14
64, 4
17, 2
21, 1
46, 4
13, 4
50, 10
24, 10
61, 7
0, 5
15, 8
75, 0
57, 5
74, 9
2, 5
70, 13
47, 2
26, 8
0, 10
2, 13
35, 8
5, 7
43, 14
38, 9
28, 8
3, 1
73, 1
6, 14
63, 9
40, 14
31, 4
4, 8
55, 9
30, 0
53, 14
18, 2
71, 2
67, 4
60, 2
74, 9
13, 14
18, 6
24, 4
73, 0
4, 14
39, 7
14, 10
26, 0
55, 14
37, 0
51, 14
20, 4
3, 0
18, 1
24, 2
7, 7
45, 4
43, 6
50, 6
75, 5
23, 8
46, 13
0, 14
17, 6
9, 5
74, 4
63, 7
60, 7
18, 14
45, 14
12, 14
28, 14
74, 6
13, 14
51, 13
36, 9
59, 4
8, 7
57, 2
2, 10
14, 4
1, 1
15, 8
73, 2
14, 14
68, 2
34, 4
72, 14
56, 9
26, 4
15, 4
42, 14
13, 9
39, 0
14, 4
1, 14
29, 2
71, 14
16, 13
31, 7
4, 13
18, 5
56, 6
4, 4
17, 2
47, 14
71, 14
12, 1
18, 6
35, 0
60, 4
25, 7
37, 5
3, 6
51, 2
24, 6
48, 9
14, 10
8, 14
40, 10
67, 5
55, 8
56, 1
17, 14
54, 1
18, 0
69, 7
30, 14
41, 0
4, 7
28, 5
67, 4
27, 6
34, 7
1, 10
72, 6
1, 9
75, 2
6, 6
70, 0
48, 10
3, 14
4, 9
46, 8
19, 5
8, 9
74, 14
64, 14
63, 5
52, 14
28, 1
71, 1
19, 9
36, 9
62, 4
0, 8
35, 14
73, 0
61, 13
62, 10
14, 5
0, 4
37, 9
73, 4
14, 9
7, 9
74, 8
68, 9
59, 9
0, 7
63, 4
47, 10
41, 0
38, 0
63, 14
45, 5
1, 5
69, 6
29, 14
19, 0
35, 2
47, 6
13, 6
13, 1
16, 5
16, 10
24, 8
74, 6
75, 7
49, 5
5, 0
43, 0
26, 1
25, 14
46, 5
46, 7
58, 6
62, 0
45, 0
20, 10
31, 10
59, 0
19, 14
18, 5
14, 7
71, 2
60, 2
7, 6
4, 2
17, 1
1, 9
39, 4
31, 4
46, 6
73, 13
42, 14
67, 0
20, 2
25, 8
60, 2
73, 5
49, 5
36, 8
66, 0
60, 9
51, 14
64, 14
47, 14
30, 2
28, 0
26, 13
17, 14
44, 5
69, 5
70, 9
4, 7
75, 0
31, 7
32, 14
12, 5
27, 13
70, 10
41, 7
47, 0
60, 4
21, 5
52, 2
63, 2
5, 8
4, 14
43, 2
57, 0
74, 2
1, 6
1, 2
45, 10
13, 10
13, 0
41, 13
73, 1
3, 10
29, 9
56, 0
70, 2
75, 14
1, 14
74, 5
16, 0
70, 5
24, 2
42, 9
74, 13
37, 5
53, 9
16, 4
30, 5
17, 6
4, 4
0, 2
63, 13
15, 6
75, 0
41, 7
4, 9
45, 7
58, 14
35, 9
25, 0
25, 7
30, 5
19, 2
73, 6
57, 0
17, 0
41, 8
75, 14
28, 2
70, 5
17, 13
2, 0
30, 6
70, 14
1, 7
26, 6
51, 4
69, 14
62, 13
28, 5
58, 14
42, 4
57, 6
48, 4
13, 0
24, 7
19, 9
52, 4
15, 13
29, 10
20, 7
55, 7
54, 14
59, 14
74, 8
46, 1
7, 6
58, 10
57, 0
13, 6
2, 6
16, 0
57, 7
69, 14
1, 4
44, 10
0, 2
66, 14
57, 14
13, 7
20, 1
75, 1
58, 7
42, 4
56, 10
0, 2
27, 6
41, 8
46, 4
35, 4
75, 8
0, 8
13, 5
4, 8
3, 6
20, 5
72, 14
60, 7
42, 1
31, 8
41, 6
0, 0
72, 9
6, 10
39, 1
28, 0
40, 9
68, 7
17, 8
3, 2
53, 14
15, 5
40, 8
46, 14
53, 8
57, 14
68, 4
31, 1
50, 2
32, 14
0, 1
17, 9
23, 7
60, 0
55, 7
45, 7
30, 7
71, 2
43, 1
7, 0
72, 4
52, 7
17, 6
61, 14
3, 7
61, 14
1, 9
49, 5
3, 5
0, 1
3, 7
41, 6
19, 2
21, 10
47, 4
43, 9
49, 8
56, 8
4, 0
20, 0
13, 1
55, 10
10, 2
11, 4
52, 1
27, 1
20, 9
44, 9
21, 7
68, 9
4, 4
35, 14
0, 6
27, 14
63, 13
29, 9
0, 14
44, 8
55, 14
2, 1
20, 6
46, 10
48, 2
25, 9
43, 0
26, 14
37, 14
15, 2
59, 14
19, 8
36, 4
70, 2
7, 0
70, 9
5, 13
64, 6
15, 0
46, 0
0, 2
18, 6
72, 2
1, 8
17, 7
32, 14
54, 0
15, 7
43, 7
4, 13
48, 13
4, 9
70, 10
72, 5
11, 9
58, 14
46, 2
17, 14
3, 14
2, 5
13, 10
44, 4
56, 0
56, 2
2, 2
2, 13
17, 14
13, 6
16, 5
45, 9
43, 2
74, 5
32, 10
20, 2
57, 6
43, 4
57, 1
39, 14
12, 2
56, 5
13, 5
43, 4
69, 5
58, 7
44, 9
0, 0
1, 2
18, 5
38, 2
1, 1
37, 0
3, 14
15, 7
75, 10
41, 0
16, 2
27, 2
59, 2
30, 0
75, 6
24, 0
0, 4
21, 13
73, 14
33, 13
71, 0
18, 14
75, 13
7, 0
60, 6
48, 4
59, 4
70, 1
75, 0
73, 4
20, 2
30, 6
34, 7
17, 13
16, 9
71, 9
57, 8
59, 7
28, 5
26, 0
1, 6
23, 7
0, 0
24, 13
59, 1
54, 8
28, 0
0, 5
72, 8
6, 9
0, 2
35, 7
73, 10
24, 7
23, 1
75, 1
12, 5
58, 4
4, 5
48, 14
36, 7
25, 10
37, 14
2, 9
75, 10
0, 10
34, 8
50, 2
71, 5
39, 9
2, 1
73, 0
1, 14
3, 0
33, 1
51, 4
1, 9
66, 1
71, 13
46, 7
12, 0
28, 6
70, 5
34, 9
58, 6
45, 2
8, 5
44, 2
59, 14
8, 10
29, 14
37, 8
55, 9
38, 4
54, 2
21, 4
71, 6
27, 5
18, 13
74, 1
66, 0
71, 0
72, 1
46, 4
31, 9
2, 2
57, 1
29, 14
3, 7
74, 6
44, 7
39, 2
74, 8
10, 6
50, 8
46, 9
69, 14
34, 5
2, 4
27, 2
61, 6
72, 2
18, 2
74, 9
37, 10
48, 0
23, 14
61, 5
3, 13
69, 0
44, 1
3, 9
61, 14
1, 7
0, 10
69, 5
24, 5
59, 7
71, 5
23, 9
71, 0
36, 0
25, 13
19, 1
52, 7
44, 0
46, 10
3, 2
46, 0
0, 14
46, 6
43, 8
31, 8
71, 9
36, 1
57, 0
7, 7
0, 5
60, 9
55, 6
61, 9
12, 1
72, 6
34, 14
58, 10
14, 2
56, 1
57, 4
2, 0
29, 2
45, 9
46, 5
27, 13
69, 4
41, 1
62, 2
14, 0
3, 8
47, 1
2, 8
18, 14
43, 14
31, 2
6, 1
4, 2
0, 14
42, 7
17, 1
45, 4
14, 13
28, 7
55, 5
44, 7
73, 1
59, 10
53, 13
42, 4
52, 9
19, 14
31, 10
71, 0
43, 4
60, 14
6, 5
5, 1
12, 2
40, 10
58, 5
29, 0
14, 13
41, 1
57, 1
46, 4
7, 1
0, 14
2, 2
42, 10
72, 4
31, 6
28, 0
26, 2
73, 6
8, 8
17, 8
46, 5
37, 10
20, 6
67, 10
19, 2
42, 7
14, 4
30, 14
44, 6
75, 1
55, 6
61, 8
3, 0
17, 4
1, 0
31, 6
1, 5
53, 4
14, 6
16, 4
0, 14
28, 10
17, 10
35, 9
46, 9
70, 2
68, 6
59, 7
75, 2
58, 14
58, 2
26, 14
59, 13
27, 2
73, 2
25, 2
12, 1
70, 6
2, 8
42, 9
27, 13
36, 4
24, 1
39, 13
57, 5
74, 0
71, 9
44, 2
74, 0
44, 2
4, 10
11, 14
73, 13
73, 2
27, 14
2, 2
6, 7
26, 2
74, 0
51, 14
30, 13
16, 5
57, 0
51, 7
7, 14
3, 8
21, 14
3, 8
58, 0
8, 13
46, 7
57, 13
73, 10
70, 1
6, 14
18, 9
48, 0
29, 0
45, 2
74, 14
63, 0
31, 14
4, 0
53, 6
15, 7
55, 4
46, 14
25, 10
44, 14
27, 8
5, 4
75, 10
68, 4
15, 6
57, 6
20, 0
71, 10
75, 9
57, 9
1, 14
13, 5
43, 1
31, 2
57, 13
32, 1
43, 13
14, 13
75, 8
72, 13
4, 2
3, 9
0, 14
57, 13
28, 9
52, 0
32, 0
72, 6
4, 10
31, 8
55, 9
62, 1
2, 6
19, 8
20, 1
38, 2
15, 2
33, 10
51, 6
54, 6
41, 4
63, 14
15, 0
46, 9
61, 0
69, 13
52, 0
50, 6
47, 0
15, 9
44, 10
58, 2
5, 2
29, 2
14, 2
57, 14
30, 9
58, 13
70, 0
7, 2
27, 14
20, 14
40, 14
28, 2
63, 14
36, 4
8, 10
42, 14
62, 0
71, 2
67, 7
30, 6
41, 7
73, 1
67, 13
77, 14
28, 10
3, 2
48, 9
45, 9
34, 14
44, 13
32, 13
51, 2
21, 13
58, 9
57, 14
58, 9
26, 5
2, 7
43, 2
17, 7
42, 5
72, 8
14, 10
44, 4
31, 2
63, 13
3, 14
47, 6
30, 0
1, 8
56, 1
67, 13
1, 14
6, 4
21, 0
0, 7
0, 8
33, 9
75, 1
47, 4
